
Microsoft Visual Studio Solution File, Format Version 12.00
# Visual Studio Version 17
VisualStudioVersion = 17.7.34024.191
MinimumVisualStudioVersion = 10.0.40219.1
Project("{2150E333-8FDC-42A3-9474-1A3956D46DE8}") = "Task0", "Task0", "{6FB60F39-948F-443D-943F-4E53FA678E5E}"
EndProject
Project("{FAE04EC0-301F-11D3-BF4B-00C04F79EFBC}") = "Tyuiu.PolyantsevEI.Sprint0.Task0.V0", "Tyuiu.PolyantsevEI.Sprint0.Task0.V0\Tyuiu.PolyantsevEI.Sprint0.Task0.V0.csproj", "{F005B221-9778-42F0-9B38-01BA277B6CB3}"
EndProject
Project("{2150E333-8FDC-42A3-9474-1A3956D46DE8}") = "Task1", "Task1", "{D305388A-8882-4243-973E-924E85ACF364}"
EndProject
Project("{FAE04EC0-301F-11D3-BF4B-00C04F79EFBC}") = "Tyuiu.PolyantsevEI.Sprint0.Task1.V0", "Tyuiu.PolyantsevEI.Sprint0.Task1.V0\Tyuiu.PolyantsevEI.Sprint0.Task1.V0.csproj", "{53B47EE5-5AAE-486B-9635-1A1BECF4E576}"
EndProject
Project("{2150E333-8FDC-42A3-9474-1A3956D46DE8}") = "Task2", "Task2", "{0233C7D7-07FC-4E5D-9262-1FD692863FB4}"
EndProject
Project("{FAE04EC0-301F-11D3-BF4B-00C04F79EFBC}") = "Tyuiu.PolyantsevEI.Sprint0.Task2.V0", "Tyuiu.PolyantsevEI.Sprint0.Task2.V0\Tyuiu.PolyantsevEI.Sprint0.Task2.V0.csproj", "{E786E347-5EBD-4BA3-90F9-2A7B67F4B67F}"
EndProject
Project("{FAE04EC0-301F-11D3-BF4B-00C04F79EFBC}") = "Tyuiu.PolyantsevEI.Sprint0.Task2.V0.Lib", "Tyuiu.PolyantsevEI.Sprint0.Task2.V0.Lib\Tyuiu.PolyantsevEI.Sprint0.Task2.V0.Lib.csproj", "{A4B1B01C-5F7E-4AE3-8575-B16AE5B811D7}"
EndProject
Project("{FAE04EC0-301F-11D3-BF4B-00C04F79EFBC}") = "Tyuiu.PolyantsevEI.Sprint0.Task2.V0.Test", "Tyuiu.PolyantsevEI.Sprint0.Task2.V0.Test\Tyuiu.PolyantsevEI.Sprint0.Task2.V0.Test.csproj", "{FC6F2667-56B0-49E8-8020-5464EFD08910}"
EndProject
Project("{2150E333-8FDC-42A3-9474-1A3956D46DE8}") = "Task3", "Task3", "{E42631CB-324D-4831-B57F-C5C09B0D4D8B}"
EndProject
Project("{FAE04EC0-301F-11D3-BF4B-00C04F79EFBC}") = "Tyuiu.PolyantsevEI.Sprint0.Task3.V0", "Tyuiu.PolyantsevEI.Sprint0.Task3.V0\Tyuiu.PolyantsevEI.Sprint0.Task3.V0.csproj", "{D26A757E-118F-42D7-B316-6FB0E8B90EE4}"
EndProject
Project("{FAE04EC0-301F-11D3-BF4B-00C04F79EFBC}") = "Tyuiu.PolyantsevEI.Sprint0.Task3.V0.Lib", "Tyuiu.PolyantsevEI.Sprint0.Task3.V0.Lib\Tyuiu.PolyantsevEI.Sprint0.Task3.V0.Lib.csproj", "{087CB174-950B-493A-8ACB-744EFB317695}"
EndProject
Project("{FAE04EC0-301F-11D3-BF4B-00C04F79EFBC}") = "Tyuiu.PolyantsevEI.Sprint0.Task3.V0.Test", "Tyuiu.PolyantsevEI.Sprint0.Task3.V0.Test\Tyuiu.PolyantsevEI.Sprint0.Task3.V0.Test.csproj", "{DF3FAFC2-BAF1-4167-9197-934B3A89B739}"
EndProject
Project("{2150E333-8FDC-42A3-9474-1A3956D46DE8}") = "Task4", "Task4", "{3329730A-9CA6-4A2A-87DB-FBDF974C0127}"
EndProject
Project("{FAE04EC0-301F-11D3-BF4B-00C04F79EFBC}") = "Tyuiu.PolyantsevEI.Sprint0.Task4.V0", "Tyuiu.PolyantsevEI.Sprint0.Task4.V0\Tyuiu.PolyantsevEI.Sprint0.Task4.V0.csproj", "{9D13D65C-1E79-4AEC-8907-C3E22F3F69A1}"
EndProject
Project("{FAE04EC0-301F-11D3-BF4B-00C04F79EFBC}") = "Tyuiu.PolyantsevEI.Sprint0.Task4.V0.Lib", "Tyuiu.PolyantsevEI.Sprint0.Task4.V0.Lib\Tyuiu.PolyantsevEI.Sprint0.Task4.V0.Lib.csproj", "{DDF76B29-CC0B-4FD9-8C22-9C37DAE7596B}"
EndProject
Project("{FAE04EC0-301F-11D3-BF4B-00C04F79EFBC}") = "Tyuiu.PolyantsevEI.Sprint0.Task4.V0.Test", "Tyuiu.PolyantsevEI.Sprint0.Task4.V0.Test\Tyuiu.PolyantsevEI.Sprint0.Task4.V0.Test.csproj", "{58767670-6C21-4149-8A11-5E06458DCFFD}"
EndProject
Global
	GlobalSection(SolutionConfigurationPlatforms) = preSolution
		Debug|Any CPU = Debug|Any CPU
		Release|Any CPU = Release|Any CPU
	EndGlobalSection
	GlobalSection(ProjectConfigurationPlatforms) = postSolution
		{F005B221-9778-42F0-9B38-01BA277B6CB3}.Debug|Any CPU.ActiveCfg = Debug|Any CPU
		{F005B221-9778-42F0-9B38-01BA277B6CB3}.Debug|Any CPU.Build.0 = Debug|Any CPU
		{F005B221-9778-42F0-9B38-01BA277B6CB3}.Release|Any CPU.ActiveCfg = Release|Any CPU
		{F005B221-9778-42F0-9B38-01BA277B6CB3}.Release|Any CPU.Build.0 = Release|Any CPU
		{53B47EE5-5AAE-486B-9635-1A1BECF4E576}.Debug|Any CPU.ActiveCfg = Debug|Any CPU
		{53B47EE5-5AAE-486B-9635-1A1BECF4E576}.Debug|Any CPU.Build.0 = Debug|Any CPU
		{53B47EE5-5AAE-486B-9635-1A1BECF4E576}.Release|Any CPU.ActiveCfg = Release|Any CPU
		{53B47EE5-5AAE-486B-9635-1A1BECF4E576}.Release|Any CPU.Build.0 = Release|Any CPU
		{E786E347-5EBD-4BA3-90F9-2A7B67F4B67F}.Debug|Any CPU.ActiveCfg = Debug|Any CPU
		{E786E347-5EBD-4BA3-90F9-2A7B67F4B67F}.Debug|Any CPU.Build.0 = Debug|Any CPU
		{E786E347-5EBD-4BA3-90F9-2A7B67F4B67F}.Release|Any CPU.ActiveCfg = Release|Any CPU
		{E786E347-5EBD-4BA3-90F9-2A7B67F4B67F}.Release|Any CPU.Build.0 = Release|Any CPU
		{A4B1B01C-5F7E-4AE3-8575-B16AE5B811D7}.Debug|Any CPU.ActiveCfg = Debug|Any CPU
		{A4B1B01C-5F7E-4AE3-8575-B16AE5B811D7}.Debug|Any CPU.Build.0 = Debug|Any CPU
		{A4B1B01C-5F7E-4AE3-8575-B16AE5B811D7}.Release|Any CPU.ActiveCfg = Release|Any CPU
		{A4B1B01C-5F7E-4AE3-8575-B16AE5B811D7}.Release|Any CPU.Build.0 = Release|Any CPU
		{FC6F2667-56B0-49E8-8020-5464EFD08910}.Debug|Any CPU.ActiveCfg = Debug|Any CPU
		{FC6F2667-56B0-49E8-8020-5464EFD08910}.Debug|Any CPU.Build.0 = Debug|Any CPU
		{FC6F2667-56B0-49E8-8020-5464EFD08910}.Release|Any CPU.ActiveCfg = Release|Any CPU
		{FC6F2667-56B0-49E8-8020-5464EFD08910}.Release|Any CPU.Build.0 = Release|Any CPU
		{D26A757E-118F-42D7-B316-6FB0E8B90EE4}.Debug|Any CPU.ActiveCfg = Debug|Any CPU
		{D26A757E-118F-42D7-B316-6FB0E8B90EE4}.Debug|Any CPU.Build.0 = Debug|Any CPU
		{D26A757E-118F-42D7-B316-6FB0E8B90EE4}.Release|Any CPU.ActiveCfg = Release|Any CPU
		{D26A757E-118F-42D7-B316-6FB0E8B90EE4}.Release|Any CPU.Build.0 = Release|Any CPU
		{087CB174-950B-493A-8ACB-744EFB317695}.Debug|Any CPU.ActiveCfg = Debug|Any CPU
		{087CB174-950B-493A-8ACB-744EFB317695}.Debug|Any CPU.Build.0 = Debug|Any CPU
		{087CB174-950B-493A-8ACB-744EFB317695}.Release|Any CPU.ActiveCfg = Release|Any CPU
		{087CB174-950B-493A-8ACB-744EFB317695}.Release|Any CPU.Build.0 = Release|Any CPU
		{DF3FAFC2-BAF1-4167-9197-934B3A89B739}.Debug|Any CPU.ActiveCfg = Debug|Any CPU
		{DF3FAFC2-BAF1-4167-9197-934B3A89B739}.Debug|Any CPU.Build.0 = Debug|Any CPU
		{DF3FAFC2-BAF1-4167-9197-934B3A89B739}.Release|Any CPU.ActiveCfg = Release|Any CPU
		{DF3FAFC2-BAF1-4167-9197-934B3A89B739}.Release|Any CPU.Build.0 = Release|Any CPU
		{9D13D65C-1E79-4AEC-8907-C3E22F3F69A1}.Debug|Any CPU.ActiveCfg = Debug|Any CPU
		{9D13D65C-1E79-4AEC-8907-C3E22F3F69A1}.Debug|Any CPU.Build.0 = Debug|Any CPU
		{9D13D65C-1E79-4AEC-8907-C3E22F3F69A1}.Release|Any CPU.ActiveCfg = Release|Any CPU
		{9D13D65C-1E79-4AEC-8907-C3E22F3F69A1}.Release|Any CPU.Build.0 = Release|Any CPU
		{DDF76B29-CC0B-4FD9-8C22-9C37DAE7596B}.Debug|Any CPU.ActiveCfg = Debug|Any CPU
		{DDF76B29-CC0B-4FD9-8C22-9C37DAE7596B}.Debug|Any CPU.Build.0 = Debug|Any CPU
		{DDF76B29-CC0B-4FD9-8C22-9C37DAE7596B}.Release|Any CPU.ActiveCfg = Release|Any CPU
		{DDF76B29-CC0B-4FD9-8C22-9C37DAE7596B}.Release|Any CPU.Build.0 = Release|Any CPU
		{58767670-6C21-4149-8A11-5E06458DCFFD}.Debug|Any CPU.ActiveCfg = Debug|Any CPU
		{58767670-6C21-4149-8A11-5E06458DCFFD}.Debug|Any CPU.Build.0 = Debug|Any CPU
		{58767670-6C21-4149-8A11-5E06458DCFFD}.Release|Any CPU.ActiveCfg = Release|Any CPU
		{58767670-6C21-4149-8A11-5E06458DCFFD}.Release|Any CPU.Build.0 = Release|Any CPU
	EndGlobalSection
	GlobalSection(SolutionProperties) = preSolution
		HideSolutionNode = FALSE
	EndGlobalSection
	GlobalSection(NestedProjects) = preSolution
		{F005B221-9778-42F0-9B38-01BA277B6CB3} = {6FB60F39-948F-443D-943F-4E53FA678E5E}
		{53B47EE5-5AAE-486B-9635-1A1BECF4E576} = {D305388A-8882-4243-973E-924E85ACF364}
		{E786E347-5EBD-4BA3-90F9-2A7B67F4B67F} = {0233C7D7-07FC-4E5D-9262-1FD692863FB4}
		{A4B1B01C-5F7E-4AE3-8575-B16AE5B811D7} = {0233C7D7-07FC-4E5D-9262-1FD692863FB4}
		{FC6F2667-56B0-49E8-8020-5464EFD08910} = {0233C7D7-07FC-4E5D-9262-1FD692863FB4}
		{D26A757E-118F-42D7-B316-6FB0E8B90EE4} = {E42631CB-324D-4831-B57F-C5C09B0D4D8B}
		{087CB174-950B-493A-8ACB-744EFB317695} = {E42631CB-324D-4831-B57F-C5C09B0D4D8B}
		{DF3FAFC2-BAF1-4167-9197-934B3A89B739} = {E42631CB-324D-4831-B57F-C5C09B0D4D8B}
		{9D13D65C-1E79-4AEC-8907-C3E22F3F69A1} = {3329730A-9CA6-4A2A-87DB-FBDF974C0127}
		{DDF76B29-CC0B-4FD9-8C22-9C37DAE7596B} = {3329730A-9CA6-4A2A-87DB-FBDF974C0127}
		{58767670-6C21-4149-8A11-5E06458DCFFD} = {3329730A-9CA6-4A2A-87DB-FBDF974C0127}
	EndGlobalSection
	GlobalSection(ExtensibilityGlobals) = postSolution
		SolutionGuid = {E72334FB-6966-4258-B25A-6482AE2B24C9}
	EndGlobalSection
EndGlobal
