
Microsoft Visual Studio Solution File, Format Version 12.00
# Visual Studio Version 17
VisualStudioVersion = 17.7.34024.191
MinimumVisualStudioVersion = 10.0.40219.1
Project("{2150E333-8FDC-42A3-9474-1A3956D46DE8}") = "Task0", "Task0", "{6FB60F39-948F-443D-943F-4E53FA678E5E}"
EndProject
Project("{FAE04EC0-301F-11D3-BF4B-00C04F79EFBC}") = "Tyuiu.PolyantsevEI.Sprint0.Task0.V0", "Tyuiu.PolyantsevEI.Sprint0.Task0.V0\Tyuiu.PolyantsevEI.Sprint0.Task0.V0.csproj", "{F005B221-9778-42F0-9B38-01BA277B6CB3}"
EndProject
Global
	GlobalSection(SolutionConfigurationPlatforms) = preSolution
		Debug|Any CPU = Debug|Any CPU
		Release|Any CPU = Release|Any CPU
	EndGlobalSection
	GlobalSection(ProjectConfigurationPlatforms) = postSolution
		{F005B221-9778-42F0-9B38-01BA277B6CB3}.Debug|Any CPU.ActiveCfg = Debug|Any CPU
		{F005B221-9778-42F0-9B38-01BA277B6CB3}.Debug|Any CPU.Build.0 = Debug|Any CPU
		{F005B221-9778-42F0-9B38-01BA277B6CB3}.Release|Any CPU.ActiveCfg = Release|Any CPU
		{F005B221-9778-42F0-9B38-01BA277B6CB3}.Release|Any CPU.Build.0 = Release|Any CPU
	EndGlobalSection
	GlobalSection(SolutionProperties) = preSolution
		HideSolutionNode = FALSE
	EndGlobalSection
	GlobalSection(NestedProjects) = preSolution
		{F005B221-9778-42F0-9B38-01BA277B6CB3} = {6FB60F39-948F-443D-943F-4E53FA678E5E}
	EndGlobalSection
	GlobalSection(ExtensibilityGlobals) = postSolution
		SolutionGuid = {E72334FB-6966-4258-B25A-6482AE2B24C9}
	EndGlobalSection
EndGlobal
